
Microsoft Visual Studio Solution File, Format Version 12.00
# Visual Studio Version 17
VisualStudioVersion = 17.13.35931.197
MinimumVisualStudioVersion = 10.0.40219.1
Project("{FAE04EC0-301F-11D3-BF4B-00C04F79EFBC}") = "GameTranslationTool", "GameTranslationTool\GameTranslationTool.csproj", "{BE543890-C8AE-4BA0-9961-9B3689210469}"
EndProject
Project("{FAE04EC0-301F-11D3-BF4B-00C04F79EFBC}") = "GameTranslationTool.ConsoleTest", "GameTranslationTool.ConsoleTest\GameTranslationTool.ConsoleTest.csproj", "{A96475AA-858B-4ED1-9331-9F4CBDF61645}"
EndProject
Global
	GlobalSection(SolutionConfigurationPlatforms) = preSolution
		Debug|Any CPU = Debug|Any CPU
		Release|Any CPU = Release|Any CPU
	EndGlobalSection
	GlobalSection(ProjectConfigurationPlatforms) = postSolution
		{BE543890-C8AE-4BA0-9961-9B3689210469}.Debug|Any CPU.ActiveCfg = Debug|Any CPU
		{BE543890-C8AE-4BA0-9961-9B3689210469}.Debug|Any CPU.Build.0 = Debug|Any CPU
		{BE543890-C8AE-4BA0-9961-9B3689210469}.Release|Any CPU.ActiveCfg = Release|Any CPU
		{BE543890-C8AE-4BA0-9961-9B3689210469}.Release|Any CPU.Build.0 = Release|Any CPU
		{A96475AA-858B-4ED1-9331-9F4CBDF61645}.Debug|Any CPU.ActiveCfg = Debug|Any CPU
		{A96475AA-858B-4ED1-9331-9F4CBDF61645}.Debug|Any CPU.Build.0 = Debug|Any CPU
		{A96475AA-858B-4ED1-9331-9F4CBDF61645}.Release|Any CPU.ActiveCfg = Release|Any CPU
		{A96475AA-858B-4ED1-9331-9F4CBDF61645}.Release|Any CPU.Build.0 = Release|Any CPU
	EndGlobalSection
	GlobalSection(SolutionProperties) = preSolution
		HideSolutionNode = FALSE
	EndGlobalSection
	GlobalSection(ExtensibilityGlobals) = postSolution
		SolutionGuid = {6D0A57EB-D843-4353-B38A-8745BC1559DD}
	EndGlobalSection
EndGlobal
